{
  "name": "wemos-led-matrix",
  "version": "1.0.0",
  "lockfileVersion": 1,
  "requires": true,
  "dependencies": {
    "@types/espruino": {
      "version": "1.94.0",
      "resolved": "http://npm.corp.acronis.com:4873/@types%2fespruino/-/espruino-1.94.0.tgz",
      "integrity": "sha512-VXZ9X6p8bvGPflaBUyPZ8OJ5SorIZ3aWch/wGOJxIrBiBD6+MME6cFXJgbJz/4NukQlTpJdIpJcLb5An1zRCFQ==",
      "dev": true
    },
    "typescript": {
      "version": "2.7.2",
      "resolved": "http://npm.corp.acronis.com:4873/typescript/-/typescript-2.7.2.tgz",
      "integrity": "sha512-p5TCYZDAO0m4G344hD+wx/LATebLWZNkkh2asWUFqSsD2OrDNhbAHuSjobrmsUmdzjJjEeZVU9g1h3O6vpstnw==",
      "dev": true
    }
  }
}
